
Microsoft Visual Studio Solution File, Format Version 12.00
# Visual Studio Version 16
VisualStudioVersion = 16.0.31205.134
MinimumVisualStudioVersion = 10.0.40219.1
Project("{F184B08F-C81C-45F6-A57F-5ABD9991F28F}") = "PUNTO1", "EstructurasRepetitivas\PUNTO1.vbproj", "{3A8B713C-F0FA-4DE4-9F0E-FF27631C8FE9}"
EndProject
Project("{F184B08F-C81C-45F6-A57F-5ABD9991F28F}") = "PUNTO2", "PUNTO2\PUNTO2.vbproj", "{9E79B91C-CBFF-4F06-921B-FBDF9F0BCCD7}"
EndProject
Project("{F184B08F-C81C-45F6-A57F-5ABD9991F28F}") = "PUNTO3", "PUNTO3\PUNTO3.vbproj", "{58E3D81E-D9C5-44A0-A4C2-D2EC2E995DFF}"
EndProject
Project("{F184B08F-C81C-45F6-A57F-5ABD9991F28F}") = "PUNTO4", "PUNTO4\PUNTO4.vbproj", "{F1EC76BF-45A8-485C-95F7-B7739185116B}"
EndProject
Project("{F184B08F-C81C-45F6-A57F-5ABD9991F28F}") = "PUNTO5", "PUNTO5\PUNTO5.vbproj", "{F36E39D0-651C-4071-A093-9AC3CC5C10C7}"
EndProject
Project("{F184B08F-C81C-45F6-A57F-5ABD9991F28F}") = "PUNTO6", "PUNTO6\PUNTO6.vbproj", "{BB5BDB0F-2536-4AC9-B72B-F0B9FE0BBD30}"
EndProject
Project("{F184B08F-C81C-45F6-A57F-5ABD9991F28F}") = "PUNTO7", "PUNTO7\PUNTO7.vbproj", "{73165C24-6F17-4F23-BA20-C21840DDA967}"
EndProject
Project("{F184B08F-C81C-45F6-A57F-5ABD9991F28F}") = "PUNTO8", "PUNTO8\PUNTO8.vbproj", "{6ACB7FAD-884B-4771-B5BE-D34AA9C9B0A3}"
EndProject
Global
	GlobalSection(SolutionConfigurationPlatforms) = preSolution
		Debug|Any CPU = Debug|Any CPU
		Release|Any CPU = Release|Any CPU
	EndGlobalSection
	GlobalSection(ProjectConfigurationPlatforms) = postSolution
		{3A8B713C-F0FA-4DE4-9F0E-FF27631C8FE9}.Debug|Any CPU.ActiveCfg = Debug|Any CPU
		{3A8B713C-F0FA-4DE4-9F0E-FF27631C8FE9}.Debug|Any CPU.Build.0 = Debug|Any CPU
		{3A8B713C-F0FA-4DE4-9F0E-FF27631C8FE9}.Release|Any CPU.ActiveCfg = Release|Any CPU
		{3A8B713C-F0FA-4DE4-9F0E-FF27631C8FE9}.Release|Any CPU.Build.0 = Release|Any CPU
		{9E79B91C-CBFF-4F06-921B-FBDF9F0BCCD7}.Debug|Any CPU.ActiveCfg = Debug|Any CPU
		{9E79B91C-CBFF-4F06-921B-FBDF9F0BCCD7}.Debug|Any CPU.Build.0 = Debug|Any CPU
		{9E79B91C-CBFF-4F06-921B-FBDF9F0BCCD7}.Release|Any CPU.ActiveCfg = Release|Any CPU
		{9E79B91C-CBFF-4F06-921B-FBDF9F0BCCD7}.Release|Any CPU.Build.0 = Release|Any CPU
		{58E3D81E-D9C5-44A0-A4C2-D2EC2E995DFF}.Debug|Any CPU.ActiveCfg = Debug|Any CPU
		{58E3D81E-D9C5-44A0-A4C2-D2EC2E995DFF}.Debug|Any CPU.Build.0 = Debug|Any CPU
		{58E3D81E-D9C5-44A0-A4C2-D2EC2E995DFF}.Release|Any CPU.ActiveCfg = Release|Any CPU
		{58E3D81E-D9C5-44A0-A4C2-D2EC2E995DFF}.Release|Any CPU.Build.0 = Release|Any CPU
		{F1EC76BF-45A8-485C-95F7-B7739185116B}.Debug|Any CPU.ActiveCfg = Debug|Any CPU
		{F1EC76BF-45A8-485C-95F7-B7739185116B}.Debug|Any CPU.Build.0 = Debug|Any CPU
		{F1EC76BF-45A8-485C-95F7-B7739185116B}.Release|Any CPU.ActiveCfg = Release|Any CPU
		{F1EC76BF-45A8-485C-95F7-B7739185116B}.Release|Any CPU.Build.0 = Release|Any CPU
		{F36E39D0-651C-4071-A093-9AC3CC5C10C7}.Debug|Any CPU.ActiveCfg = Debug|Any CPU
		{F36E39D0-651C-4071-A093-9AC3CC5C10C7}.Debug|Any CPU.Build.0 = Debug|Any CPU
		{F36E39D0-651C-4071-A093-9AC3CC5C10C7}.Release|Any CPU.ActiveCfg = Release|Any CPU
		{F36E39D0-651C-4071-A093-9AC3CC5C10C7}.Release|Any CPU.Build.0 = Release|Any CPU
		{BB5BDB0F-2536-4AC9-B72B-F0B9FE0BBD30}.Debug|Any CPU.ActiveCfg = Debug|Any CPU
		{BB5BDB0F-2536-4AC9-B72B-F0B9FE0BBD30}.Debug|Any CPU.Build.0 = Debug|Any CPU
		{BB5BDB0F-2536-4AC9-B72B-F0B9FE0BBD30}.Release|Any CPU.ActiveCfg = Release|Any CPU
		{BB5BDB0F-2536-4AC9-B72B-F0B9FE0BBD30}.Release|Any CPU.Build.0 = Release|Any CPU
		{73165C24-6F17-4F23-BA20-C21840DDA967}.Debug|Any CPU.ActiveCfg = Debug|Any CPU
		{73165C24-6F17-4F23-BA20-C21840DDA967}.Debug|Any CPU.Build.0 = Debug|Any CPU
		{73165C24-6F17-4F23-BA20-C21840DDA967}.Release|Any CPU.ActiveCfg = Release|Any CPU
		{73165C24-6F17-4F23-BA20-C21840DDA967}.Release|Any CPU.Build.0 = Release|Any CPU
		{6ACB7FAD-884B-4771-B5BE-D34AA9C9B0A3}.Debug|Any CPU.ActiveCfg = Debug|Any CPU
		{6ACB7FAD-884B-4771-B5BE-D34AA9C9B0A3}.Debug|Any CPU.Build.0 = Debug|Any CPU
		{6ACB7FAD-884B-4771-B5BE-D34AA9C9B0A3}.Release|Any CPU.ActiveCfg = Release|Any CPU
		{6ACB7FAD-884B-4771-B5BE-D34AA9C9B0A3}.Release|Any CPU.Build.0 = Release|Any CPU
	EndGlobalSection
	GlobalSection(SolutionProperties) = preSolution
		HideSolutionNode = FALSE
	EndGlobalSection
	GlobalSection(ExtensibilityGlobals) = postSolution
		SolutionGuid = {EFD416A9-1FCD-4E92-B399-F7AC5EA636BA}
	EndGlobalSection
EndGlobal
