
Microsoft Visual Studio Solution File, Format Version 12.00
# Visual Studio Version 16
VisualStudioVersion = 16.0.31205.134
MinimumVisualStudioVersion = 10.0.40219.1
Project("{F184B08F-C81C-45F6-A57F-5ABD9991F28F}") = "PUNTO1", "EsctructurasSelectivas\PUNTO1.vbproj", "{1DCC4B1C-7504-421F-9127-4663FE844989}"
EndProject
Project("{F184B08F-C81C-45F6-A57F-5ABD9991F28F}") = "PUNTO2", "PUNTO2\PUNTO2.vbproj", "{E43567B1-FE70-48D4-8948-31250FC67CE5}"
EndProject
Project("{F184B08F-C81C-45F6-A57F-5ABD9991F28F}") = "PUNTO3", "PUNTO3\PUNTO3.vbproj", "{E6B4B7CE-3776-45A2-BC76-31F40D7B55C9}"
EndProject
Project("{F184B08F-C81C-45F6-A57F-5ABD9991F28F}") = "PUNTO4", "PUNTO4\PUNTO4.vbproj", "{505461CA-B064-43CC-9786-43021F669596}"
EndProject
Project("{F184B08F-C81C-45F6-A57F-5ABD9991F28F}") = "PUNTO5", "PUNTO5\PUNTO5.vbproj", "{0A2C0FA2-7531-4B9D-9E8F-F2DBA2307119}"
EndProject
Project("{F184B08F-C81C-45F6-A57F-5ABD9991F28F}") = "PUNTO6", "PUNTO6\PUNTO6.vbproj", "{39A529ED-F35A-4F77-816B-B4312C693837}"
EndProject
Project("{F184B08F-C81C-45F6-A57F-5ABD9991F28F}") = "PUNTO7", "PUNTO7\PUNTO7.vbproj", "{E85ABA09-10AB-4ACE-A725-5ADF76ACD6C1}"
EndProject
Project("{F184B08F-C81C-45F6-A57F-5ABD9991F28F}") = "PUNTO8", "PUNTO8\PUNTO8.vbproj", "{70B5971B-81B7-4675-953A-1CC92CF2D72C}"
EndProject
Project("{F184B08F-C81C-45F6-A57F-5ABD9991F28F}") = "PUNTO9", "PUNTO9\PUNTO9.vbproj", "{67080A15-7EBC-413B-8315-8BE6A38A87CD}"
EndProject
Project("{F184B08F-C81C-45F6-A57F-5ABD9991F28F}") = "PUNTO10", "PUNTO10\PUNTO10.vbproj", "{C38C62F0-2ED9-43A8-BB8F-4FAC23A04ADC}"
EndProject
Project("{F184B08F-C81C-45F6-A57F-5ABD9991F28F}") = "PUNTO11", "PUNTO11\PUNTO11.vbproj", "{674EE9A6-DC51-41C7-A2F4-EA99466120F7}"
EndProject
Project("{F184B08F-C81C-45F6-A57F-5ABD9991F28F}") = "PUNTO12", "PUNTO12\PUNTO12.vbproj", "{655A7C9F-1482-4EEC-8443-E5437DA7EFDC}"
EndProject
Project("{F184B08F-C81C-45F6-A57F-5ABD9991F28F}") = "PUNTO13", "PUNTO13\PUNTO13.vbproj", "{0BD1CEB0-9449-4AED-9B32-86D65614DFF5}"
EndProject
Project("{F184B08F-C81C-45F6-A57F-5ABD9991F28F}") = "PUNTO14", "PUNTO14\PUNTO14.vbproj", "{4230DF2F-AEB2-4FF1-9959-3B81D60D7208}"
EndProject
Project("{F184B08F-C81C-45F6-A57F-5ABD9991F28F}") = "PUNTO15", "PUNTO15\PUNTO15.vbproj", "{1ACA5643-E21B-4EF5-AD4C-538A62C4A386}"
EndProject
Project("{F184B08F-C81C-45F6-A57F-5ABD9991F28F}") = "PUNTO16", "PUNTO16\PUNTO16.vbproj", "{A934FBF8-BF76-42B3-AD64-15B127022473}"
EndProject
Project("{F184B08F-C81C-45F6-A57F-5ABD9991F28F}") = "PUNTO17", "PUNTO17\PUNTO17.vbproj", "{50601953-39E7-4C68-915C-4C368F5D3AAD}"
EndProject
Project("{F184B08F-C81C-45F6-A57F-5ABD9991F28F}") = "PUNTO18", "PUNTO18\PUNTO18.vbproj", "{9340031C-209D-41FD-BF69-C621865718EC}"
EndProject
Project("{F184B08F-C81C-45F6-A57F-5ABD9991F28F}") = "PUNTO19", "PUNTO19\PUNTO19.vbproj", "{7E2E44F2-6B47-4C5C-857B-272585DBACD3}"
EndProject
Project("{F184B08F-C81C-45F6-A57F-5ABD9991F28F}") = "PUNTO20", "PUNTO20\PUNTO20.vbproj", "{7840A2FB-1528-4F8A-88A0-DD2B2F40C10E}"
EndProject
Global
	GlobalSection(SolutionConfigurationPlatforms) = preSolution
		Debug|Any CPU = Debug|Any CPU
		Release|Any CPU = Release|Any CPU
	EndGlobalSection
	GlobalSection(ProjectConfigurationPlatforms) = postSolution
		{1DCC4B1C-7504-421F-9127-4663FE844989}.Debug|Any CPU.ActiveCfg = Debug|Any CPU
		{1DCC4B1C-7504-421F-9127-4663FE844989}.Debug|Any CPU.Build.0 = Debug|Any CPU
		{1DCC4B1C-7504-421F-9127-4663FE844989}.Release|Any CPU.ActiveCfg = Release|Any CPU
		{1DCC4B1C-7504-421F-9127-4663FE844989}.Release|Any CPU.Build.0 = Release|Any CPU
		{E43567B1-FE70-48D4-8948-31250FC67CE5}.Debug|Any CPU.ActiveCfg = Debug|Any CPU
		{E43567B1-FE70-48D4-8948-31250FC67CE5}.Debug|Any CPU.Build.0 = Debug|Any CPU
		{E43567B1-FE70-48D4-8948-31250FC67CE5}.Release|Any CPU.ActiveCfg = Release|Any CPU
		{E43567B1-FE70-48D4-8948-31250FC67CE5}.Release|Any CPU.Build.0 = Release|Any CPU
		{E6B4B7CE-3776-45A2-BC76-31F40D7B55C9}.Debug|Any CPU.ActiveCfg = Debug|Any CPU
		{E6B4B7CE-3776-45A2-BC76-31F40D7B55C9}.Debug|Any CPU.Build.0 = Debug|Any CPU
		{E6B4B7CE-3776-45A2-BC76-31F40D7B55C9}.Release|Any CPU.ActiveCfg = Release|Any CPU
		{E6B4B7CE-3776-45A2-BC76-31F40D7B55C9}.Release|Any CPU.Build.0 = Release|Any CPU
		{505461CA-B064-43CC-9786-43021F669596}.Debug|Any CPU.ActiveCfg = Debug|Any CPU
		{505461CA-B064-43CC-9786-43021F669596}.Debug|Any CPU.Build.0 = Debug|Any CPU
		{505461CA-B064-43CC-9786-43021F669596}.Release|Any CPU.ActiveCfg = Release|Any CPU
		{505461CA-B064-43CC-9786-43021F669596}.Release|Any CPU.Build.0 = Release|Any CPU
		{0A2C0FA2-7531-4B9D-9E8F-F2DBA2307119}.Debug|Any CPU.ActiveCfg = Debug|Any CPU
		{0A2C0FA2-7531-4B9D-9E8F-F2DBA2307119}.Debug|Any CPU.Build.0 = Debug|Any CPU
		{0A2C0FA2-7531-4B9D-9E8F-F2DBA2307119}.Release|Any CPU.ActiveCfg = Release|Any CPU
		{0A2C0FA2-7531-4B9D-9E8F-F2DBA2307119}.Release|Any CPU.Build.0 = Release|Any CPU
		{39A529ED-F35A-4F77-816B-B4312C693837}.Debug|Any CPU.ActiveCfg = Debug|Any CPU
		{39A529ED-F35A-4F77-816B-B4312C693837}.Debug|Any CPU.Build.0 = Debug|Any CPU
		{39A529ED-F35A-4F77-816B-B4312C693837}.Release|Any CPU.ActiveCfg = Release|Any CPU
		{39A529ED-F35A-4F77-816B-B4312C693837}.Release|Any CPU.Build.0 = Release|Any CPU
		{E85ABA09-10AB-4ACE-A725-5ADF76ACD6C1}.Debug|Any CPU.ActiveCfg = Debug|Any CPU
		{E85ABA09-10AB-4ACE-A725-5ADF76ACD6C1}.Debug|Any CPU.Build.0 = Debug|Any CPU
		{E85ABA09-10AB-4ACE-A725-5ADF76ACD6C1}.Release|Any CPU.ActiveCfg = Release|Any CPU
		{E85ABA09-10AB-4ACE-A725-5ADF76ACD6C1}.Release|Any CPU.Build.0 = Release|Any CPU
		{70B5971B-81B7-4675-953A-1CC92CF2D72C}.Debug|Any CPU.ActiveCfg = Debug|Any CPU
		{70B5971B-81B7-4675-953A-1CC92CF2D72C}.Debug|Any CPU.Build.0 = Debug|Any CPU
		{70B5971B-81B7-4675-953A-1CC92CF2D72C}.Release|Any CPU.ActiveCfg = Release|Any CPU
		{70B5971B-81B7-4675-953A-1CC92CF2D72C}.Release|Any CPU.Build.0 = Release|Any CPU
		{67080A15-7EBC-413B-8315-8BE6A38A87CD}.Debug|Any CPU.ActiveCfg = Debug|Any CPU
		{67080A15-7EBC-413B-8315-8BE6A38A87CD}.Debug|Any CPU.Build.0 = Debug|Any CPU
		{67080A15-7EBC-413B-8315-8BE6A38A87CD}.Release|Any CPU.ActiveCfg = Release|Any CPU
		{67080A15-7EBC-413B-8315-8BE6A38A87CD}.Release|Any CPU.Build.0 = Release|Any CPU
		{C38C62F0-2ED9-43A8-BB8F-4FAC23A04ADC}.Debug|Any CPU.ActiveCfg = Debug|Any CPU
		{C38C62F0-2ED9-43A8-BB8F-4FAC23A04ADC}.Debug|Any CPU.Build.0 = Debug|Any CPU
		{C38C62F0-2ED9-43A8-BB8F-4FAC23A04ADC}.Release|Any CPU.ActiveCfg = Release|Any CPU
		{C38C62F0-2ED9-43A8-BB8F-4FAC23A04ADC}.Release|Any CPU.Build.0 = Release|Any CPU
		{674EE9A6-DC51-41C7-A2F4-EA99466120F7}.Debug|Any CPU.ActiveCfg = Debug|Any CPU
		{674EE9A6-DC51-41C7-A2F4-EA99466120F7}.Debug|Any CPU.Build.0 = Debug|Any CPU
		{674EE9A6-DC51-41C7-A2F4-EA99466120F7}.Release|Any CPU.ActiveCfg = Release|Any CPU
		{674EE9A6-DC51-41C7-A2F4-EA99466120F7}.Release|Any CPU.Build.0 = Release|Any CPU
		{655A7C9F-1482-4EEC-8443-E5437DA7EFDC}.Debug|Any CPU.ActiveCfg = Debug|Any CPU
		{655A7C9F-1482-4EEC-8443-E5437DA7EFDC}.Debug|Any CPU.Build.0 = Debug|Any CPU
		{655A7C9F-1482-4EEC-8443-E5437DA7EFDC}.Release|Any CPU.ActiveCfg = Release|Any CPU
		{655A7C9F-1482-4EEC-8443-E5437DA7EFDC}.Release|Any CPU.Build.0 = Release|Any CPU
		{0BD1CEB0-9449-4AED-9B32-86D65614DFF5}.Debug|Any CPU.ActiveCfg = Debug|Any CPU
		{0BD1CEB0-9449-4AED-9B32-86D65614DFF5}.Debug|Any CPU.Build.0 = Debug|Any CPU
		{0BD1CEB0-9449-4AED-9B32-86D65614DFF5}.Release|Any CPU.ActiveCfg = Release|Any CPU
		{0BD1CEB0-9449-4AED-9B32-86D65614DFF5}.Release|Any CPU.Build.0 = Release|Any CPU
		{4230DF2F-AEB2-4FF1-9959-3B81D60D7208}.Debug|Any CPU.ActiveCfg = Debug|Any CPU
		{4230DF2F-AEB2-4FF1-9959-3B81D60D7208}.Debug|Any CPU.Build.0 = Debug|Any CPU
		{4230DF2F-AEB2-4FF1-9959-3B81D60D7208}.Release|Any CPU.ActiveCfg = Release|Any CPU
		{4230DF2F-AEB2-4FF1-9959-3B81D60D7208}.Release|Any CPU.Build.0 = Release|Any CPU
		{1ACA5643-E21B-4EF5-AD4C-538A62C4A386}.Debug|Any CPU.ActiveCfg = Debug|Any CPU
		{1ACA5643-E21B-4EF5-AD4C-538A62C4A386}.Debug|Any CPU.Build.0 = Debug|Any CPU
		{1ACA5643-E21B-4EF5-AD4C-538A62C4A386}.Release|Any CPU.ActiveCfg = Release|Any CPU
		{1ACA5643-E21B-4EF5-AD4C-538A62C4A386}.Release|Any CPU.Build.0 = Release|Any CPU
		{A934FBF8-BF76-42B3-AD64-15B127022473}.Debug|Any CPU.ActiveCfg = Debug|Any CPU
		{A934FBF8-BF76-42B3-AD64-15B127022473}.Debug|Any CPU.Build.0 = Debug|Any CPU
		{A934FBF8-BF76-42B3-AD64-15B127022473}.Release|Any CPU.ActiveCfg = Release|Any CPU
		{A934FBF8-BF76-42B3-AD64-15B127022473}.Release|Any CPU.Build.0 = Release|Any CPU
		{50601953-39E7-4C68-915C-4C368F5D3AAD}.Debug|Any CPU.ActiveCfg = Debug|Any CPU
		{50601953-39E7-4C68-915C-4C368F5D3AAD}.Debug|Any CPU.Build.0 = Debug|Any CPU
		{50601953-39E7-4C68-915C-4C368F5D3AAD}.Release|Any CPU.ActiveCfg = Release|Any CPU
		{50601953-39E7-4C68-915C-4C368F5D3AAD}.Release|Any CPU.Build.0 = Release|Any CPU
		{9340031C-209D-41FD-BF69-C621865718EC}.Debug|Any CPU.ActiveCfg = Debug|Any CPU
		{9340031C-209D-41FD-BF69-C621865718EC}.Debug|Any CPU.Build.0 = Debug|Any CPU
		{9340031C-209D-41FD-BF69-C621865718EC}.Release|Any CPU.ActiveCfg = Release|Any CPU
		{9340031C-209D-41FD-BF69-C621865718EC}.Release|Any CPU.Build.0 = Release|Any CPU
		{7E2E44F2-6B47-4C5C-857B-272585DBACD3}.Debug|Any CPU.ActiveCfg = Debug|Any CPU
		{7E2E44F2-6B47-4C5C-857B-272585DBACD3}.Debug|Any CPU.Build.0 = Debug|Any CPU
		{7E2E44F2-6B47-4C5C-857B-272585DBACD3}.Release|Any CPU.ActiveCfg = Release|Any CPU
		{7E2E44F2-6B47-4C5C-857B-272585DBACD3}.Release|Any CPU.Build.0 = Release|Any CPU
		{7840A2FB-1528-4F8A-88A0-DD2B2F40C10E}.Debug|Any CPU.ActiveCfg = Debug|Any CPU
		{7840A2FB-1528-4F8A-88A0-DD2B2F40C10E}.Debug|Any CPU.Build.0 = Debug|Any CPU
		{7840A2FB-1528-4F8A-88A0-DD2B2F40C10E}.Release|Any CPU.ActiveCfg = Release|Any CPU
		{7840A2FB-1528-4F8A-88A0-DD2B2F40C10E}.Release|Any CPU.Build.0 = Release|Any CPU
	EndGlobalSection
	GlobalSection(SolutionProperties) = preSolution
		HideSolutionNode = FALSE
	EndGlobalSection
	GlobalSection(ExtensibilityGlobals) = postSolution
		SolutionGuid = {C90149F9-EE0F-43C4-85D5-E8396C964759}
	EndGlobalSection
EndGlobal
