
Microsoft Visual Studio Solution File, Format Version 12.00
# Visual Studio Version 16
VisualStudioVersion = 16.0.31205.134
MinimumVisualStudioVersion = 10.0.40219.1
Project("{F184B08F-C81C-45F6-A57F-5ABD9991F28F}") = "PUNTO1", "algoritmosBasicos\PUNTO1.vbproj", "{1CF3D8B8-A7AE-4FD4-B49E-AAB5A14B6C95}"
EndProject
Project("{F184B08F-C81C-45F6-A57F-5ABD9991F28F}") = "PUNTO2", "PUNTO2\PUNTO2.vbproj", "{6E7DAE63-AAD4-4878-92B9-9CB43086D65E}"
EndProject
Project("{F184B08F-C81C-45F6-A57F-5ABD9991F28F}") = "PUNTO3", "PUNTO3\PUNTO3.vbproj", "{4557E327-949D-4DCD-BB6A-3FF510661D53}"
EndProject
Project("{F184B08F-C81C-45F6-A57F-5ABD9991F28F}") = "PUNTO4", "PUNTO4\PUNTO4.vbproj", "{AA6146E8-A1B4-49CE-A6E1-1A7CCB3E6202}"
EndProject
Project("{F184B08F-C81C-45F6-A57F-5ABD9991F28F}") = "PUNTO5", "PUNTO5\PUNTO5.vbproj", "{A1C5B89E-12BC-4846-96E3-1C8EE40B70BF}"
EndProject
Project("{F184B08F-C81C-45F6-A57F-5ABD9991F28F}") = "PUNTO6", "PUNTO6\PUNTO6.vbproj", "{A29F0DB4-D587-4529-891E-9B3A66F5F2CC}"
EndProject
Project("{F184B08F-C81C-45F6-A57F-5ABD9991F28F}") = "PUNTO7", "PUNTO7\PUNTO7.vbproj", "{A202C8F2-D59A-4356-934F-BB992517FCE3}"
EndProject
Project("{F184B08F-C81C-45F6-A57F-5ABD9991F28F}") = "PUNTO8", "PUNTO8\PUNTO8.vbproj", "{CAB02446-17DD-4B7E-9FB8-AE684257120D}"
EndProject
Project("{F184B08F-C81C-45F6-A57F-5ABD9991F28F}") = "PUNTO9", "PUNTO9\PUNTO9.vbproj", "{72A65733-FF2C-4ECB-BB15-BC5D7B1E63A6}"
EndProject
Project("{F184B08F-C81C-45F6-A57F-5ABD9991F28F}") = "PUNTO10", "PUNTO10\PUNTO10.vbproj", "{595B8986-F879-49BE-90D2-86D3C988D6FF}"
EndProject
Project("{F184B08F-C81C-45F6-A57F-5ABD9991F28F}") = "PUNTO11", "PUNTO11\PUNTO11.vbproj", "{AB3352A3-58FD-44DF-B6E0-ECEC22E67275}"
EndProject
Project("{F184B08F-C81C-45F6-A57F-5ABD9991F28F}") = "PUNTO12", "PUNTO12\PUNTO12.vbproj", "{626FACB2-6F74-43C7-A952-D2BC5F1645CE}"
EndProject
Project("{F184B08F-C81C-45F6-A57F-5ABD9991F28F}") = "PUNTO13", "PUNTO13\PUNTO13.vbproj", "{A35E7F8C-AF41-4DAB-958C-C6791C917BC7}"
EndProject
Project("{F184B08F-C81C-45F6-A57F-5ABD9991F28F}") = "PUNTO14", "PUNTO14\PUNTO14.vbproj", "{4EF41E2A-241F-4C88-BD53-D5A135E74B7E}"
EndProject
Project("{F184B08F-C81C-45F6-A57F-5ABD9991F28F}") = "PUNTO15", "PUNTO15\PUNTO15.vbproj", "{A5113D22-1C7F-4A72-906F-89C14A102E0F}"
EndProject
Project("{F184B08F-C81C-45F6-A57F-5ABD9991F28F}") = "PUNTO16", "PUNTO16\PUNTO16.vbproj", "{DEEDFCA5-06F2-4B2A-A54F-2F4F822874B4}"
EndProject
Project("{F184B08F-C81C-45F6-A57F-5ABD9991F28F}") = "PUNTO17", "PUNTO17\PUNTO17.vbproj", "{42821E1B-195A-474D-8491-069EA3B506EC}"
EndProject
Project("{F184B08F-C81C-45F6-A57F-5ABD9991F28F}") = "PUNTO18", "PUNTO18\PUNTO18.vbproj", "{17D83847-728D-489B-90EA-403A0142FA64}"
EndProject
Project("{F184B08F-C81C-45F6-A57F-5ABD9991F28F}") = "PUNTO19", "PUNTO19\PUNTO19.vbproj", "{7AA3ADE1-EA1B-4276-93E6-695E9D2917E8}"
EndProject
Project("{F184B08F-C81C-45F6-A57F-5ABD9991F28F}") = "PUNTO20", "PUNTO20\PUNTO20.vbproj", "{B28A9A77-476A-492D-BE68-F84D8413432F}"
EndProject
Project("{F184B08F-C81C-45F6-A57F-5ABD9991F28F}") = "PUNTO21", "PUNTO21\PUNTO21.vbproj", "{A729C5BB-2963-4D6F-B37B-2CDDE2CADFAD}"
EndProject
Project("{F184B08F-C81C-45F6-A57F-5ABD9991F28F}") = "PUNTO22", "PUNTO22\PUNTO22.vbproj", "{C39BE160-DE96-48A0-85F7-59DFA621B071}"
EndProject
Global
	GlobalSection(SolutionConfigurationPlatforms) = preSolution
		Debug|Any CPU = Debug|Any CPU
		Release|Any CPU = Release|Any CPU
	EndGlobalSection
	GlobalSection(ProjectConfigurationPlatforms) = postSolution
		{1CF3D8B8-A7AE-4FD4-B49E-AAB5A14B6C95}.Debug|Any CPU.ActiveCfg = Debug|Any CPU
		{1CF3D8B8-A7AE-4FD4-B49E-AAB5A14B6C95}.Debug|Any CPU.Build.0 = Debug|Any CPU
		{1CF3D8B8-A7AE-4FD4-B49E-AAB5A14B6C95}.Release|Any CPU.ActiveCfg = Release|Any CPU
		{1CF3D8B8-A7AE-4FD4-B49E-AAB5A14B6C95}.Release|Any CPU.Build.0 = Release|Any CPU
		{6E7DAE63-AAD4-4878-92B9-9CB43086D65E}.Debug|Any CPU.ActiveCfg = Debug|Any CPU
		{6E7DAE63-AAD4-4878-92B9-9CB43086D65E}.Debug|Any CPU.Build.0 = Debug|Any CPU
		{6E7DAE63-AAD4-4878-92B9-9CB43086D65E}.Release|Any CPU.ActiveCfg = Release|Any CPU
		{6E7DAE63-AAD4-4878-92B9-9CB43086D65E}.Release|Any CPU.Build.0 = Release|Any CPU
		{4557E327-949D-4DCD-BB6A-3FF510661D53}.Debug|Any CPU.ActiveCfg = Debug|Any CPU
		{4557E327-949D-4DCD-BB6A-3FF510661D53}.Debug|Any CPU.Build.0 = Debug|Any CPU
		{4557E327-949D-4DCD-BB6A-3FF510661D53}.Release|Any CPU.ActiveCfg = Release|Any CPU
		{4557E327-949D-4DCD-BB6A-3FF510661D53}.Release|Any CPU.Build.0 = Release|Any CPU
		{AA6146E8-A1B4-49CE-A6E1-1A7CCB3E6202}.Debug|Any CPU.ActiveCfg = Debug|Any CPU
		{AA6146E8-A1B4-49CE-A6E1-1A7CCB3E6202}.Debug|Any CPU.Build.0 = Debug|Any CPU
		{AA6146E8-A1B4-49CE-A6E1-1A7CCB3E6202}.Release|Any CPU.ActiveCfg = Release|Any CPU
		{AA6146E8-A1B4-49CE-A6E1-1A7CCB3E6202}.Release|Any CPU.Build.0 = Release|Any CPU
		{A1C5B89E-12BC-4846-96E3-1C8EE40B70BF}.Debug|Any CPU.ActiveCfg = Debug|Any CPU
		{A1C5B89E-12BC-4846-96E3-1C8EE40B70BF}.Debug|Any CPU.Build.0 = Debug|Any CPU
		{A1C5B89E-12BC-4846-96E3-1C8EE40B70BF}.Release|Any CPU.ActiveCfg = Release|Any CPU
		{A1C5B89E-12BC-4846-96E3-1C8EE40B70BF}.Release|Any CPU.Build.0 = Release|Any CPU
		{A29F0DB4-D587-4529-891E-9B3A66F5F2CC}.Debug|Any CPU.ActiveCfg = Debug|Any CPU
		{A29F0DB4-D587-4529-891E-9B3A66F5F2CC}.Debug|Any CPU.Build.0 = Debug|Any CPU
		{A29F0DB4-D587-4529-891E-9B3A66F5F2CC}.Release|Any CPU.ActiveCfg = Release|Any CPU
		{A29F0DB4-D587-4529-891E-9B3A66F5F2CC}.Release|Any CPU.Build.0 = Release|Any CPU
		{A202C8F2-D59A-4356-934F-BB992517FCE3}.Debug|Any CPU.ActiveCfg = Debug|Any CPU
		{A202C8F2-D59A-4356-934F-BB992517FCE3}.Debug|Any CPU.Build.0 = Debug|Any CPU
		{A202C8F2-D59A-4356-934F-BB992517FCE3}.Release|Any CPU.ActiveCfg = Release|Any CPU
		{A202C8F2-D59A-4356-934F-BB992517FCE3}.Release|Any CPU.Build.0 = Release|Any CPU
		{CAB02446-17DD-4B7E-9FB8-AE684257120D}.Debug|Any CPU.ActiveCfg = Debug|Any CPU
		{CAB02446-17DD-4B7E-9FB8-AE684257120D}.Debug|Any CPU.Build.0 = Debug|Any CPU
		{CAB02446-17DD-4B7E-9FB8-AE684257120D}.Release|Any CPU.ActiveCfg = Release|Any CPU
		{CAB02446-17DD-4B7E-9FB8-AE684257120D}.Release|Any CPU.Build.0 = Release|Any CPU
		{72A65733-FF2C-4ECB-BB15-BC5D7B1E63A6}.Debug|Any CPU.ActiveCfg = Debug|Any CPU
		{72A65733-FF2C-4ECB-BB15-BC5D7B1E63A6}.Debug|Any CPU.Build.0 = Debug|Any CPU
		{72A65733-FF2C-4ECB-BB15-BC5D7B1E63A6}.Release|Any CPU.ActiveCfg = Release|Any CPU
		{72A65733-FF2C-4ECB-BB15-BC5D7B1E63A6}.Release|Any CPU.Build.0 = Release|Any CPU
		{595B8986-F879-49BE-90D2-86D3C988D6FF}.Debug|Any CPU.ActiveCfg = Debug|Any CPU
		{595B8986-F879-49BE-90D2-86D3C988D6FF}.Debug|Any CPU.Build.0 = Debug|Any CPU
		{595B8986-F879-49BE-90D2-86D3C988D6FF}.Release|Any CPU.ActiveCfg = Release|Any CPU
		{595B8986-F879-49BE-90D2-86D3C988D6FF}.Release|Any CPU.Build.0 = Release|Any CPU
		{AB3352A3-58FD-44DF-B6E0-ECEC22E67275}.Debug|Any CPU.ActiveCfg = Debug|Any CPU
		{AB3352A3-58FD-44DF-B6E0-ECEC22E67275}.Debug|Any CPU.Build.0 = Debug|Any CPU
		{AB3352A3-58FD-44DF-B6E0-ECEC22E67275}.Release|Any CPU.ActiveCfg = Release|Any CPU
		{AB3352A3-58FD-44DF-B6E0-ECEC22E67275}.Release|Any CPU.Build.0 = Release|Any CPU
		{626FACB2-6F74-43C7-A952-D2BC5F1645CE}.Debug|Any CPU.ActiveCfg = Debug|Any CPU
		{626FACB2-6F74-43C7-A952-D2BC5F1645CE}.Debug|Any CPU.Build.0 = Debug|Any CPU
		{626FACB2-6F74-43C7-A952-D2BC5F1645CE}.Release|Any CPU.ActiveCfg = Release|Any CPU
		{626FACB2-6F74-43C7-A952-D2BC5F1645CE}.Release|Any CPU.Build.0 = Release|Any CPU
		{A35E7F8C-AF41-4DAB-958C-C6791C917BC7}.Debug|Any CPU.ActiveCfg = Debug|Any CPU
		{A35E7F8C-AF41-4DAB-958C-C6791C917BC7}.Debug|Any CPU.Build.0 = Debug|Any CPU
		{A35E7F8C-AF41-4DAB-958C-C6791C917BC7}.Release|Any CPU.ActiveCfg = Release|Any CPU
		{A35E7F8C-AF41-4DAB-958C-C6791C917BC7}.Release|Any CPU.Build.0 = Release|Any CPU
		{4EF41E2A-241F-4C88-BD53-D5A135E74B7E}.Debug|Any CPU.ActiveCfg = Debug|Any CPU
		{4EF41E2A-241F-4C88-BD53-D5A135E74B7E}.Debug|Any CPU.Build.0 = Debug|Any CPU
		{4EF41E2A-241F-4C88-BD53-D5A135E74B7E}.Release|Any CPU.ActiveCfg = Release|Any CPU
		{4EF41E2A-241F-4C88-BD53-D5A135E74B7E}.Release|Any CPU.Build.0 = Release|Any CPU
		{A5113D22-1C7F-4A72-906F-89C14A102E0F}.Debug|Any CPU.ActiveCfg = Debug|Any CPU
		{A5113D22-1C7F-4A72-906F-89C14A102E0F}.Debug|Any CPU.Build.0 = Debug|Any CPU
		{A5113D22-1C7F-4A72-906F-89C14A102E0F}.Release|Any CPU.ActiveCfg = Release|Any CPU
		{A5113D22-1C7F-4A72-906F-89C14A102E0F}.Release|Any CPU.Build.0 = Release|Any CPU
		{DEEDFCA5-06F2-4B2A-A54F-2F4F822874B4}.Debug|Any CPU.ActiveCfg = Debug|Any CPU
		{DEEDFCA5-06F2-4B2A-A54F-2F4F822874B4}.Debug|Any CPU.Build.0 = Debug|Any CPU
		{DEEDFCA5-06F2-4B2A-A54F-2F4F822874B4}.Release|Any CPU.ActiveCfg = Release|Any CPU
		{DEEDFCA5-06F2-4B2A-A54F-2F4F822874B4}.Release|Any CPU.Build.0 = Release|Any CPU
		{42821E1B-195A-474D-8491-069EA3B506EC}.Debug|Any CPU.ActiveCfg = Debug|Any CPU
		{42821E1B-195A-474D-8491-069EA3B506EC}.Debug|Any CPU.Build.0 = Debug|Any CPU
		{42821E1B-195A-474D-8491-069EA3B506EC}.Release|Any CPU.ActiveCfg = Release|Any CPU
		{42821E1B-195A-474D-8491-069EA3B506EC}.Release|Any CPU.Build.0 = Release|Any CPU
		{17D83847-728D-489B-90EA-403A0142FA64}.Debug|Any CPU.ActiveCfg = Debug|Any CPU
		{17D83847-728D-489B-90EA-403A0142FA64}.Debug|Any CPU.Build.0 = Debug|Any CPU
		{17D83847-728D-489B-90EA-403A0142FA64}.Release|Any CPU.ActiveCfg = Release|Any CPU
		{17D83847-728D-489B-90EA-403A0142FA64}.Release|Any CPU.Build.0 = Release|Any CPU
		{7AA3ADE1-EA1B-4276-93E6-695E9D2917E8}.Debug|Any CPU.ActiveCfg = Debug|Any CPU
		{7AA3ADE1-EA1B-4276-93E6-695E9D2917E8}.Debug|Any CPU.Build.0 = Debug|Any CPU
		{7AA3ADE1-EA1B-4276-93E6-695E9D2917E8}.Release|Any CPU.ActiveCfg = Release|Any CPU
		{7AA3ADE1-EA1B-4276-93E6-695E9D2917E8}.Release|Any CPU.Build.0 = Release|Any CPU
		{B28A9A77-476A-492D-BE68-F84D8413432F}.Debug|Any CPU.ActiveCfg = Debug|Any CPU
		{B28A9A77-476A-492D-BE68-F84D8413432F}.Debug|Any CPU.Build.0 = Debug|Any CPU
		{B28A9A77-476A-492D-BE68-F84D8413432F}.Release|Any CPU.ActiveCfg = Release|Any CPU
		{B28A9A77-476A-492D-BE68-F84D8413432F}.Release|Any CPU.Build.0 = Release|Any CPU
		{A729C5BB-2963-4D6F-B37B-2CDDE2CADFAD}.Debug|Any CPU.ActiveCfg = Debug|Any CPU
		{A729C5BB-2963-4D6F-B37B-2CDDE2CADFAD}.Debug|Any CPU.Build.0 = Debug|Any CPU
		{A729C5BB-2963-4D6F-B37B-2CDDE2CADFAD}.Release|Any CPU.ActiveCfg = Release|Any CPU
		{A729C5BB-2963-4D6F-B37B-2CDDE2CADFAD}.Release|Any CPU.Build.0 = Release|Any CPU
		{C39BE160-DE96-48A0-85F7-59DFA621B071}.Debug|Any CPU.ActiveCfg = Debug|Any CPU
		{C39BE160-DE96-48A0-85F7-59DFA621B071}.Debug|Any CPU.Build.0 = Debug|Any CPU
		{C39BE160-DE96-48A0-85F7-59DFA621B071}.Release|Any CPU.ActiveCfg = Release|Any CPU
		{C39BE160-DE96-48A0-85F7-59DFA621B071}.Release|Any CPU.Build.0 = Release|Any CPU
	EndGlobalSection
	GlobalSection(SolutionProperties) = preSolution
		HideSolutionNode = FALSE
	EndGlobalSection
	GlobalSection(ExtensibilityGlobals) = postSolution
		SolutionGuid = {9C257A8F-77A9-42EB-9DE9-61CCE059D43A}
	EndGlobalSection
EndGlobal
