
Microsoft Visual Studio Solution File, Format Version 12.00
# Visual Studio Version 16
VisualStudioVersion = 16.0.31205.134
MinimumVisualStudioVersion = 10.0.40219.1
Project("{F184B08F-C81C-45F6-A57F-5ABD9991F28F}") = "Tallerpunto3", "Tallerpunto3\Tallerpunto3.vbproj", "{DBA4D68F-ACE3-4550-8C74-D7455F57CE14}"
EndProject
Global
	GlobalSection(SolutionConfigurationPlatforms) = preSolution
		Debug|Any CPU = Debug|Any CPU
		Release|Any CPU = Release|Any CPU
	EndGlobalSection
	GlobalSection(ProjectConfigurationPlatforms) = postSolution
		{DBA4D68F-ACE3-4550-8C74-D7455F57CE14}.Debug|Any CPU.ActiveCfg = Debug|Any CPU
		{DBA4D68F-ACE3-4550-8C74-D7455F57CE14}.Debug|Any CPU.Build.0 = Debug|Any CPU
		{DBA4D68F-ACE3-4550-8C74-D7455F57CE14}.Release|Any CPU.ActiveCfg = Release|Any CPU
		{DBA4D68F-ACE3-4550-8C74-D7455F57CE14}.Release|Any CPU.Build.0 = Release|Any CPU
	EndGlobalSection
	GlobalSection(SolutionProperties) = preSolution
		HideSolutionNode = FALSE
	EndGlobalSection
	GlobalSection(ExtensibilityGlobals) = postSolution
		SolutionGuid = {7D5C5454-4341-4CC7-A8F9-E81B019FB905}
	EndGlobalSection
EndGlobal
